
Microsoft Visual Studio Solution File, Format Version 12.00
# Visual Studio Version 17
VisualStudioVersion = 17.2.32630.192
MinimumVisualStudioVersion = 10.0.40219.1
Project("{FAE04EC0-301F-11D3-BF4B-00C04F79EFBC}") = "ocpa.ro.application", "ocpa.ro.application\ocpa.ro.application.csproj", "{76B4E43F-1B93-4A9C-9C03-1A1F27E2BE06}"
EndProject
Project("{FAE04EC0-301F-11D3-BF4B-00C04F79EFBC}") = "ocpa.ro.domain", "ocpa.ro.domain\ocpa.ro.domain.csproj", "{9C323A96-7FA5-4DDD-945C-704EBA533968}"
EndProject
Project("{FAE04EC0-301F-11D3-BF4B-00C04F79EFBC}") = "ocpa.ro.infrastructure", "ocpa.ro.infrastructure\ocpa.ro.infrastructure.csproj", "{0CBFEE7E-BAB3-4552-A2A3-1782D33E0962}"
EndProject
Project("{FAE04EC0-301F-11D3-BF4B-00C04F79EFBC}") = "ocpa.ro.persistence", "ocpa.ro.persistence\ocpa.ro.persistence.csproj", "{5B76F6C3-8BA9-44C3-98FD-4CFB33393B90}"
EndProject
Project("{FAE04EC0-301F-11D3-BF4B-00C04F79EFBC}") = "ocpa.ro.api", "ocpa.ro.api\ocpa.ro.api.csproj", "{AAD8A81E-79E7-834E-7EF1-8A784B6E4A48}"
EndProject
Project("{2150E333-8FDC-42A3-9474-1A3956D46DE8}") = "Solution Items", "Solution Items", "{02EA681E-C7D8-13C7-8484-4AC65E1B71E8}"
EndProject
Project("{2150E333-8FDC-42A3-9474-1A3956D46DE8}") = "scripts", "scripts", "{62BB3BE0-0FDB-4976-AAAF-234E6BFCD230}"
	ProjectSection(SolutionItems) = preProject
		scripts\deploy.dbAdmin.ps1 = scripts\deploy.dbAdmin.ps1
		scripts\deploy.ocpa.beta.ro.ps1 = scripts\deploy.ocpa.beta.ro.ps1
		scripts\deploy.ocpa.ro.ps1 = scripts\deploy.ocpa.ro.ps1
		scripts\download.daily-cat.ps1 = scripts\download.daily-cat.ps1
	EndProjectSection
EndProject
Global
	GlobalSection(SolutionConfigurationPlatforms) = preSolution
		Debug|Any CPU = Debug|Any CPU
		Release|Any CPU = Release|Any CPU
	EndGlobalSection
	GlobalSection(ProjectConfigurationPlatforms) = postSolution
		{76B4E43F-1B93-4A9C-9C03-1A1F27E2BE06}.Debug|Any CPU.ActiveCfg = Debug|Any CPU
		{76B4E43F-1B93-4A9C-9C03-1A1F27E2BE06}.Debug|Any CPU.Build.0 = Debug|Any CPU
		{76B4E43F-1B93-4A9C-9C03-1A1F27E2BE06}.Release|Any CPU.ActiveCfg = Release|Any CPU
		{76B4E43F-1B93-4A9C-9C03-1A1F27E2BE06}.Release|Any CPU.Build.0 = Release|Any CPU
		{9C323A96-7FA5-4DDD-945C-704EBA533968}.Debug|Any CPU.ActiveCfg = Debug|Any CPU
		{9C323A96-7FA5-4DDD-945C-704EBA533968}.Debug|Any CPU.Build.0 = Debug|Any CPU
		{9C323A96-7FA5-4DDD-945C-704EBA533968}.Release|Any CPU.ActiveCfg = Release|Any CPU
		{9C323A96-7FA5-4DDD-945C-704EBA533968}.Release|Any CPU.Build.0 = Release|Any CPU
		{0CBFEE7E-BAB3-4552-A2A3-1782D33E0962}.Debug|Any CPU.ActiveCfg = Debug|Any CPU
		{0CBFEE7E-BAB3-4552-A2A3-1782D33E0962}.Debug|Any CPU.Build.0 = Debug|Any CPU
		{0CBFEE7E-BAB3-4552-A2A3-1782D33E0962}.Release|Any CPU.ActiveCfg = Release|Any CPU
		{0CBFEE7E-BAB3-4552-A2A3-1782D33E0962}.Release|Any CPU.Build.0 = Release|Any CPU
		{5B76F6C3-8BA9-44C3-98FD-4CFB33393B90}.Debug|Any CPU.ActiveCfg = Debug|Any CPU
		{5B76F6C3-8BA9-44C3-98FD-4CFB33393B90}.Debug|Any CPU.Build.0 = Debug|Any CPU
		{5B76F6C3-8BA9-44C3-98FD-4CFB33393B90}.Release|Any CPU.ActiveCfg = Release|Any CPU
		{5B76F6C3-8BA9-44C3-98FD-4CFB33393B90}.Release|Any CPU.Build.0 = Release|Any CPU
		{AAD8A81E-79E7-834E-7EF1-8A784B6E4A48}.Debug|Any CPU.ActiveCfg = Debug|Any CPU
		{AAD8A81E-79E7-834E-7EF1-8A784B6E4A48}.Debug|Any CPU.Build.0 = Debug|Any CPU
		{AAD8A81E-79E7-834E-7EF1-8A784B6E4A48}.Release|Any CPU.ActiveCfg = Release|Any CPU
		{AAD8A81E-79E7-834E-7EF1-8A784B6E4A48}.Release|Any CPU.Build.0 = Release|Any CPU
	EndGlobalSection
	GlobalSection(SolutionProperties) = preSolution
		HideSolutionNode = FALSE
	EndGlobalSection
	GlobalSection(NestedProjects) = preSolution
		{62BB3BE0-0FDB-4976-AAAF-234E6BFCD230} = {02EA681E-C7D8-13C7-8484-4AC65E1B71E8}
	EndGlobalSection
	GlobalSection(ExtensibilityGlobals) = postSolution
		SolutionGuid = {6EFAA071-75DB-4B80-9C73-E88296BB0CA8}
	EndGlobalSection
EndGlobal
