
Microsoft Visual Studio Solution File, Format Version 12.00
# Visual Studio Version 16
VisualStudioVersion = 16.0.30011.22
MinimumVisualStudioVersion = 10.0.40219.1
Project("{FAE04EC0-301F-11D3-BF4B-00C04F79EFBC}") = "Meteo", "Meteo\Meteo.csproj", "{CED95C96-10A7-479E-A173-85590E571285}"
EndProject
Project("{FAE04EC0-301F-11D3-BF4B-00C04F79EFBC}") = "ProTONE", "ProTONE\ProTONE.csproj", "{5AAB3E15-C5AA-41CF-B04C-F1D6C3674DF2}"
EndProject
Project("{FAE04EC0-301F-11D3-BF4B-00C04F79EFBC}") = "master", "master\master.csproj", "{7599D6DC-9A76-4C9F-9163-D397B8600345}"
EndProject
Project("{FAE04EC0-301F-11D3-BF4B-00C04F79EFBC}") = "common", "common\common.csproj", "{2081747A-0763-4DBB-A7D0-651CE9C99917}"
EndProject
Project("{FAE04EC0-301F-11D3-BF4B-00C04F79EFBC}") = "OPMedia.Backend", "backend\OPMedia.Backend.csproj", "{A0316184-F236-4F3C-8087-D761EF9DB85D}"
EndProject
Global
	GlobalSection(SolutionConfigurationPlatforms) = preSolution
		Debug|Any CPU = Debug|Any CPU
		Release|Any CPU = Release|Any CPU
	EndGlobalSection
	GlobalSection(ProjectConfigurationPlatforms) = postSolution
		{CED95C96-10A7-479E-A173-85590E571285}.Debug|Any CPU.ActiveCfg = Debug|Any CPU
		{CED95C96-10A7-479E-A173-85590E571285}.Debug|Any CPU.Build.0 = Debug|Any CPU
		{CED95C96-10A7-479E-A173-85590E571285}.Release|Any CPU.ActiveCfg = Release|Any CPU
		{CED95C96-10A7-479E-A173-85590E571285}.Release|Any CPU.Build.0 = Release|Any CPU
		{5AAB3E15-C5AA-41CF-B04C-F1D6C3674DF2}.Debug|Any CPU.ActiveCfg = Debug|Any CPU
		{5AAB3E15-C5AA-41CF-B04C-F1D6C3674DF2}.Debug|Any CPU.Build.0 = Debug|Any CPU
		{5AAB3E15-C5AA-41CF-B04C-F1D6C3674DF2}.Release|Any CPU.ActiveCfg = Release|Any CPU
		{5AAB3E15-C5AA-41CF-B04C-F1D6C3674DF2}.Release|Any CPU.Build.0 = Release|Any CPU
		{7599D6DC-9A76-4C9F-9163-D397B8600345}.Debug|Any CPU.ActiveCfg = Debug|Any CPU
		{7599D6DC-9A76-4C9F-9163-D397B8600345}.Debug|Any CPU.Build.0 = Debug|Any CPU
		{7599D6DC-9A76-4C9F-9163-D397B8600345}.Release|Any CPU.ActiveCfg = Release|Any CPU
		{7599D6DC-9A76-4C9F-9163-D397B8600345}.Release|Any CPU.Build.0 = Release|Any CPU
		{2081747A-0763-4DBB-A7D0-651CE9C99917}.Debug|Any CPU.ActiveCfg = Debug|Any CPU
		{2081747A-0763-4DBB-A7D0-651CE9C99917}.Debug|Any CPU.Build.0 = Debug|Any CPU
		{2081747A-0763-4DBB-A7D0-651CE9C99917}.Release|Any CPU.ActiveCfg = Release|Any CPU
		{2081747A-0763-4DBB-A7D0-651CE9C99917}.Release|Any CPU.Build.0 = Release|Any CPU
		{A0316184-F236-4F3C-8087-D761EF9DB85D}.Debug|Any CPU.ActiveCfg = Debug|Any CPU
		{A0316184-F236-4F3C-8087-D761EF9DB85D}.Debug|Any CPU.Build.0 = Debug|Any CPU
		{A0316184-F236-4F3C-8087-D761EF9DB85D}.Release|Any CPU.ActiveCfg = Release|Any CPU
		{A0316184-F236-4F3C-8087-D761EF9DB85D}.Release|Any CPU.Build.0 = Release|Any CPU
	EndGlobalSection
	GlobalSection(SolutionProperties) = preSolution
		HideSolutionNode = FALSE
	EndGlobalSection
	GlobalSection(ExtensibilityGlobals) = postSolution
		SolutionGuid = {323166EE-1F1E-4430-BC66-0290585AA995}
	EndGlobalSection
EndGlobal
