
Microsoft Visual Studio Solution File, Format Version 12.00
# Visual Studio Version 16
VisualStudioVersion = 16.0.30621.155
MinimumVisualStudioVersion = 10.0.40219.1
Project("{FAE04EC0-301F-11D3-BF4B-00C04F79EFBC}") = "OPMedia.Backend", "OPMedia.Backend.csproj", "{A0316184-F236-4F3C-8087-D761EF9DB85D}"
EndProject
Global
	GlobalSection(SolutionConfigurationPlatforms) = preSolution
		Debug|Any CPU = Debug|Any CPU
		Release|Any CPU = Release|Any CPU
	EndGlobalSection
	GlobalSection(ProjectConfigurationPlatforms) = postSolution
		{A0316184-F236-4F3C-8087-D761EF9DB85D}.Debug|Any CPU.ActiveCfg = Debug|Any CPU
		{A0316184-F236-4F3C-8087-D761EF9DB85D}.Debug|Any CPU.Build.0 = Debug|Any CPU
		{A0316184-F236-4F3C-8087-D761EF9DB85D}.Release|Any CPU.ActiveCfg = Release|Any CPU
		{A0316184-F236-4F3C-8087-D761EF9DB85D}.Release|Any CPU.Build.0 = Release|Any CPU
	EndGlobalSection
	GlobalSection(SolutionProperties) = preSolution
		HideSolutionNode = FALSE
	EndGlobalSection
	GlobalSection(ExtensibilityGlobals) = postSolution
		SolutionGuid = {8C741A27-BFC7-46AC-8F75-6E8A11465D9D}
	EndGlobalSection
EndGlobal
